// !$*UTF8*$!
{
	archiveVersion = 1;
	classes = {
	};
	objectVersion = 56;
	objects = {

/* Begin PBXBuildFile section */
		FA90AEE72CFB0C4A0018B32D /* SpbAIHelperApp.swift in Sources */ = {isa = PBXBuildFile; fileRef = FA90AEE62CFB0C4A0018B32D /* SpbAIHelperApp.swift */; };
		FA90AEE92CFB0C4A0018B32D /* ContentView.swift in Sources */ = {isa = PBXBuildFile; fileRef = FA90AEE82CFB0C4A0018B32D /* ContentView.swift */; };
		FA90AEEB2CFB0C4C0018B32D /* Assets.xcassets in Resources */ = {isa = PBXBuildFile; fileRef = FA90AEEA2CFB0C4C0018B32D /* Assets.xcassets */; };
		FA90AEEE2CFB0C4C0018B32D /* Preview Assets.xcassets in Resources */ = {isa = PBXBuildFile; fileRef = FA90AEED2CFB0C4C0018B32D /* Preview Assets.xcassets */; };
		FA90AEF82CFB0D680018B32D /* AuthScreen.swift in Sources */ = {isa = PBXBuildFile; fileRef = FA90AEF72CFB0D680018B32D /* AuthScreen.swift */; };
		FA90AEFA2CFB0D7B0018B32D /* InfoScreen.swift in Sources */ = {isa = PBXBuildFile; fileRef = FA90AEF92CFB0D7B0018B32D /* InfoScreen.swift */; };
		FA90AEFC2CFB0D960018B32D /* MainScreen.swift in Sources */ = {isa = PBXBuildFile; fileRef = FA90AEFB2CFB0D960018B32D /* MainScreen.swift */; };
		FA90AEFE2CFB0DAB0018B32D /* ChatScreen.swift in Sources */ = {isa = PBXBuildFile; fileRef = FA90AEFD2CFB0DAB0018B32D /* ChatScreen.swift */; };
		FA90AF022CFB28A00018B32D /* RoundedButton.swift in Sources */ = {isa = PBXBuildFile; fileRef = FA90AF012CFB28A00018B32D /* RoundedButton.swift */; };
		FA90AF042CFB47C40018B32D /* ChatViewModel.swift in Sources */ = {isa = PBXBuildFile; fileRef = FA90AF032CFB47C40018B32D /* ChatViewModel.swift */; };
		FA90AF072CFB58E40018B32D /* UserRepository.swift in Sources */ = {isa = PBXBuildFile; fileRef = FA90AF062CFB58E40018B32D /* UserRepository.swift */; };
		FA90AF092CFB5B160018B32D /* MainScreenViewModel.swift in Sources */ = {isa = PBXBuildFile; fileRef = FA90AF082CFB5B160018B32D /* MainScreenViewModel.swift */; };
		FA90AF0C2CFB5E070018B32D /* UserType.swift in Sources */ = {isa = PBXBuildFile; fileRef = FA90AF0B2CFB5E070018B32D /* UserType.swift */; };
/* End PBXBuildFile section */

/* Begin PBXFileReference section */
		FA90AEE32CFB0C4A0018B32D /* SpbAIHelper.app */ = {isa = PBXFileReference; explicitFileType = wrapper.application; includeInIndex = 0; path = SpbAIHelper.app; sourceTree = BUILT_PRODUCTS_DIR; };
		FA90AEE62CFB0C4A0018B32D /* SpbAIHelperApp.swift */ = {isa = PBXFileReference; lastKnownFileType = sourcecode.swift; path = SpbAIHelperApp.swift; sourceTree = "<group>"; };
		FA90AEE82CFB0C4A0018B32D /* ContentView.swift */ = {isa = PBXFileReference; lastKnownFileType = sourcecode.swift; path = ContentView.swift; sourceTree = "<group>"; };
		FA90AEEA2CFB0C4C0018B32D /* Assets.xcassets */ = {isa = PBXFileReference; lastKnownFileType = folder.assetcatalog; path = Assets.xcassets; sourceTree = "<group>"; };
		FA90AEED2CFB0C4C0018B32D /* Preview Assets.xcassets */ = {isa = PBXFileReference; lastKnownFileType = folder.assetcatalog; path = "Preview Assets.xcassets"; sourceTree = "<group>"; };
		FA90AEF72CFB0D680018B32D /* AuthScreen.swift */ = {isa = PBXFileReference; lastKnownFileType = sourcecode.swift; path = AuthScreen.swift; sourceTree = "<group>"; };
		FA90AEF92CFB0D7B0018B32D /* InfoScreen.swift */ = {isa = PBXFileReference; lastKnownFileType = sourcecode.swift; path = InfoScreen.swift; sourceTree = "<group>"; };
		FA90AEFB2CFB0D960018B32D /* MainScreen.swift */ = {isa = PBXFileReference; lastKnownFileType = sourcecode.swift; path = MainScreen.swift; sourceTree = "<group>"; };
		FA90AEFD2CFB0DAB0018B32D /* ChatScreen.swift */ = {isa = PBXFileReference; lastKnownFileType = sourcecode.swift; path = ChatScreen.swift; sourceTree = "<group>"; };
		FA90AF012CFB28A00018B32D /* RoundedButton.swift */ = {isa = PBXFileReference; lastKnownFileType = sourcecode.swift; path = RoundedButton.swift; sourceTree = "<group>"; };
		FA90AF032CFB47C40018B32D /* ChatViewModel.swift */ = {isa = PBXFileReference; lastKnownFileType = sourcecode.swift; path = ChatViewModel.swift; sourceTree = "<group>"; };
		FA90AF062CFB58E40018B32D /* UserRepository.swift */ = {isa = PBXFileReference; lastKnownFileType = sourcecode.swift; path = UserRepository.swift; sourceTree = "<group>"; };
		FA90AF082CFB5B160018B32D /* MainScreenViewModel.swift */ = {isa = PBXFileReference; lastKnownFileType = sourcecode.swift; path = MainScreenViewModel.swift; sourceTree = "<group>"; };
		FA90AF0B2CFB5E070018B32D /* UserType.swift */ = {isa = PBXFileReference; lastKnownFileType = sourcecode.swift; path = UserType.swift; sourceTree = "<group>"; };
/* End PBXFileReference section */

/* Begin PBXFrameworksBuildPhase section */
		FA90AEE02CFB0C4A0018B32D /* Frameworks */ = {
			isa = PBXFrameworksBuildPhase;
			buildActionMask = 2147483647;
			files = (
			);
			runOnlyForDeploymentPostprocessing = 0;
		};
/* End PBXFrameworksBuildPhase section */

/* Begin PBXGroup section */
		FA90AEDA2CFB0C490018B32D = {
			isa = PBXGroup;
			children = (
				FA90AEE52CFB0C4A0018B32D /* SpbAIHelper */,
				FA90AEE42CFB0C4A0018B32D /* Products */,
			);
			sourceTree = "<group>";
		};
		FA90AEE42CFB0C4A0018B32D /* Products */ = {
			isa = PBXGroup;
			children = (
				FA90AEE32CFB0C4A0018B32D /* SpbAIHelper.app */,
			);
			name = Products;
			sourceTree = "<group>";
		};
		FA90AEE52CFB0C4A0018B32D /* SpbAIHelper */ = {
			isa = PBXGroup;
			children = (
				FA90AF0A2CFB5DBD0018B32D /* Presentation */,
				FA90AF052CFB58C40018B32D /* Data */,
				FA90AEF62CFB0C8E0018B32D /* Components */,
				FA90AEF52CFB0C7F0018B32D /* Utils */,
				FA90AEF42CFB0C740018B32D /* Screens */,
				FA90AEE62CFB0C4A0018B32D /* SpbAIHelperApp.swift */,
				FA90AEE82CFB0C4A0018B32D /* ContentView.swift */,
				FA90AEEA2CFB0C4C0018B32D /* Assets.xcassets */,
				FA90AEEC2CFB0C4C0018B32D /* Preview Content */,
			);
			path = SpbAIHelper;
			sourceTree = "<group>";
		};
		FA90AEEC2CFB0C4C0018B32D /* Preview Content */ = {
			isa = PBXGroup;
			children = (
				FA90AEED2CFB0C4C0018B32D /* Preview Assets.xcassets */,
			);
			path = "Preview Content";
			sourceTree = "<group>";
		};
		FA90AEF42CFB0C740018B32D /* Screens */ = {
			isa = PBXGroup;
			children = (
				FA90AEF72CFB0D680018B32D /* AuthScreen.swift */,
				FA90AEF92CFB0D7B0018B32D /* InfoScreen.swift */,
				FA90AEFB2CFB0D960018B32D /* MainScreen.swift */,
				FA90AEFD2CFB0DAB0018B32D /* ChatScreen.swift */,
			);
			path = Screens;
			sourceTree = "<group>";
		};
		FA90AEF52CFB0C7F0018B32D /* Utils */ = {
			isa = PBXGroup;
			children = (
				FA90AF0B2CFB5E070018B32D /* UserType.swift */,
			);
			path = Utils;
			sourceTree = "<group>";
		};
		FA90AEF62CFB0C8E0018B32D /* Components */ = {
			isa = PBXGroup;
			children = (
				FA90AF012CFB28A00018B32D /* RoundedButton.swift */,
			);
			path = Components;
			sourceTree = "<group>";
		};
		FA90AF052CFB58C40018B32D /* Data */ = {
			isa = PBXGroup;
			children = (
				FA90AF062CFB58E40018B32D /* UserRepository.swift */,
			);
			path = Data;
			sourceTree = "<group>";
		};
		FA90AF0A2CFB5DBD0018B32D /* Presentation */ = {
			isa = PBXGroup;
			children = (
				FA90AF082CFB5B160018B32D /* MainScreenViewModel.swift */,
				FA90AF032CFB47C40018B32D /* ChatViewModel.swift */,
			);
			path = Presentation;
			sourceTree = "<group>";
		};
/* End PBXGroup section */

/* Begin PBXNativeTarget section */
		FA90AEE22CFB0C4A0018B32D /* SpbAIHelper */ = {
			isa = PBXNativeTarget;
			buildConfigurationList = FA90AEF12CFB0C4C0018B32D /* Build configuration list for PBXNativeTarget "SpbAIHelper" */;
			buildPhases = (
				FA90AEDF2CFB0C4A0018B32D /* Sources */,
				FA90AEE02CFB0C4A0018B32D /* Frameworks */,
				FA90AEE12CFB0C4A0018B32D /* Resources */,
			);
			buildRules = (
			);
			dependencies = (
			);
			name = SpbAIHelper;
			productName = SpbAIHelper;
			productReference = FA90AEE32CFB0C4A0018B32D /* SpbAIHelper.app */;
			productType = "com.apple.product-type.application";
		};
/* End PBXNativeTarget section */

/* Begin PBXProject section */
		FA90AEDB2CFB0C4A0018B32D /* Project object */ = {
			isa = PBXProject;
			attributes = {
				BuildIndependentTargetsInParallel = 1;
				LastSwiftUpdateCheck = 1500;
				LastUpgradeCheck = 1500;
				TargetAttributes = {
					FA90AEE22CFB0C4A0018B32D = {
						CreatedOnToolsVersion = 15.0.1;
					};
				};
			};
			buildConfigurationList = FA90AEDE2CFB0C4A0018B32D /* Build configuration list for PBXProject "SpbAIHelper" */;
			compatibilityVersion = "Xcode 14.0";
			developmentRegion = en;
			hasScannedForEncodings = 0;
			knownRegions = (
				en,
				Base,
			);
			mainGroup = FA90AEDA2CFB0C490018B32D;
			productRefGroup = FA90AEE42CFB0C4A0018B32D /* Products */;
			projectDirPath = "";
			projectRoot = "";
			targets = (
				FA90AEE22CFB0C4A0018B32D /* SpbAIHelper */,
			);
		};
/* End PBXProject section */

/* Begin PBXResourcesBuildPhase section */
		FA90AEE12CFB0C4A0018B32D /* Resources */ = {
			isa = PBXResourcesBuildPhase;
			buildActionMask = 2147483647;
			files = (
				FA90AEEE2CFB0C4C0018B32D /* Preview Assets.xcassets in Resources */,
				FA90AEEB2CFB0C4C0018B32D /* Assets.xcassets in Resources */,
			);
			runOnlyForDeploymentPostprocessing = 0;
		};
/* End PBXResourcesBuildPhase section */

/* Begin PBXSourcesBuildPhase section */
		FA90AEDF2CFB0C4A0018B32D /* Sources */ = {
			isa = PBXSourcesBuildPhase;
			buildActionMask = 2147483647;
			files = (
				FA90AEE92CFB0C4A0018B32D /* ContentView.swift in Sources */,
				FA90AF0C2CFB5E070018B32D /* UserType.swift in Sources */,
				FA90AF092CFB5B160018B32D /* MainScreenViewModel.swift in Sources */,
				FA90AEFE2CFB0DAB0018B32D /* ChatScreen.swift in Sources */,
				FA90AF072CFB58E40018B32D /* UserRepository.swift in Sources */,
				FA90AF042CFB47C40018B32D /* ChatViewModel.swift in Sources */,
				FA90AEE72CFB0C4A0018B32D /* SpbAIHelperApp.swift in Sources */,
				FA90AEFC2CFB0D960018B32D /* MainScreen.swift in Sources */,
				FA90AF022CFB28A00018B32D /* RoundedButton.swift in Sources */,
				FA90AEF82CFB0D680018B32D /* AuthScreen.swift in Sources */,
				FA90AEFA2CFB0D7B0018B32D /* InfoScreen.swift in Sources */,
			);
			runOnlyForDeploymentPostprocessing = 0;
		};
/* End PBXSourcesBuildPhase section */

/* Begin XCBuildConfiguration section */
		FA90AEEF2CFB0C4C0018B32D /* Debug */ = {
			isa = XCBuildConfiguration;
			buildSettings = {
				ALWAYS_SEARCH_USER_PATHS = NO;
				ASSETCATALOG_COMPILER_GENERATE_SWIFT_ASSET_SYMBOL_EXTENSIONS = YES;
				CLANG_ANALYZER_NONNULL = YES;
				CLANG_ANALYZER_NUMBER_OBJECT_CONVERSION = YES_AGGRESSIVE;
				CLANG_CXX_LANGUAGE_STANDARD = "gnu++20";
				CLANG_ENABLE_MODULES = YES;
				CLANG_ENABLE_OBJC_ARC = YES;
				CLANG_ENABLE_OBJC_WEAK = YES;
				CLANG_WARN_BLOCK_CAPTURE_AUTORELEASING = YES;
				CLANG_WARN_BOOL_CONVERSION = YES;
				CLANG_WARN_COMMA = YES;
				CLANG_WARN_CONSTANT_CONVERSION = YES;
				CLANG_WARN_DEPRECATED_OBJC_IMPLEMENTATIONS = YES;
				CLANG_WARN_DIRECT_OBJC_ISA_USAGE = YES_ERROR;
				CLANG_WARN_DOCUMENTATION_COMMENTS = YES;
				CLANG_WARN_EMPTY_BODY = YES;
				CLANG_WARN_ENUM_CONVERSION = YES;
				CLANG_WARN_INFINITE_RECURSION = YES;
				CLANG_WARN_INT_CONVERSION = YES;
				CLANG_WARN_NON_LITERAL_NULL_CONVERSION = YES;
				CLANG_WARN_OBJC_IMPLICIT_RETAIN_SELF = YES;
				CLANG_WARN_OBJC_LITERAL_CONVERSION = YES;
				CLANG_WARN_OBJC_ROOT_CLASS = YES_ERROR;
				CLANG_WARN_QUOTED_INCLUDE_IN_FRAMEWORK_HEADER = YES;
				CLANG_WARN_RANGE_LOOP_ANALYSIS = YES;
				CLANG_WARN_STRICT_PROTOTYPES = YES;
				CLANG_WARN_SUSPICIOUS_MOVE = YES;
				CLANG_WARN_UNGUARDED_AVAILABILITY = YES_AGGRESSIVE;
				CLANG_WARN_UNREACHABLE_CODE = YES;
				CLANG_WARN__DUPLICATE_METHOD_MATCH = YES;
				COPY_PHASE_STRIP = NO;
				DEBUG_INFORMATION_FORMAT = dwarf;
				ENABLE_STRICT_OBJC_MSGSEND = YES;
				ENABLE_TESTABILITY = YES;
				ENABLE_USER_SCRIPT_SANDBOXING = YES;
				GCC_C_LANGUAGE_STANDARD = gnu17;
				GCC_DYNAMIC_NO_PIC = NO;
				GCC_NO_COMMON_BLOCKS = YES;
				GCC_OPTIMIZATION_LEVEL = 0;
				GCC_PREPROCESSOR_DEFINITIONS = (
					"DEBUG=1",
					"$(inherited)",
				);
				GCC_WARN_64_TO_32_BIT_CONVERSION = YES;
				GCC_WARN_ABOUT_RETURN_TYPE = YES_ERROR;
				GCC_WARN_UNDECLARED_SELECTOR = YES;
				GCC_WARN_UNINITIALIZED_AUTOS = YES_AGGRESSIVE;
				GCC_WARN_UNUSED_FUNCTION = YES;
				GCC_WARN_UNUSED_VARIABLE = YES;
				IPHONEOS_DEPLOYMENT_TARGET = 17.0;
				LOCALIZATION_PREFERS_STRING_CATALOGS = YES;
				MTL_ENABLE_DEBUG_INFO = INCLUDE_SOURCE;
				MTL_FAST_MATH = YES;
				ONLY_ACTIVE_ARCH = YES;
				SDKROOT = iphoneos;
				SWIFT_ACTIVE_COMPILATION_CONDITIONS = "DEBUG $(inherited)";
				SWIFT_OPTIMIZATION_LEVEL = "-Onone";
			};
			name = Debug;
		};
		FA90AEF02CFB0C4C0018B32D /* Release */ = {
			isa = XCBuildConfiguration;
			buildSettings = {
				ALWAYS_SEARCH_USER_PATHS = NO;
				ASSETCATALOG_COMPILER_GENERATE_SWIFT_ASSET_SYMBOL_EXTENSIONS = YES;
				CLANG_ANALYZER_NONNULL = YES;
				CLANG_ANALYZER_NUMBER_OBJECT_CONVERSION = YES_AGGRESSIVE;
				CLANG_CXX_LANGUAGE_STANDARD = "gnu++20";
				CLANG_ENABLE_MODULES = YES;
				CLANG_ENABLE_OBJC_ARC = YES;
				CLANG_ENABLE_OBJC_WEAK = YES;
				CLANG_WARN_BLOCK_CAPTURE_AUTORELEASING = YES;
				CLANG_WARN_BOOL_CONVERSION = YES;
				CLANG_WARN_COMMA = YES;
				CLANG_WARN_CONSTANT_CONVERSION = YES;
				CLANG_WARN_DEPRECATED_OBJC_IMPLEMENTATIONS = YES;
				CLANG_WARN_DIRECT_OBJC_ISA_USAGE = YES_ERROR;
				CLANG_WARN_DOCUMENTATION_COMMENTS = YES;
				CLANG_WARN_EMPTY_BODY = YES;
				CLANG_WARN_ENUM_CONVERSION = YES;
				CLANG_WARN_INFINITE_RECURSION = YES;
				CLANG_WARN_INT_CONVERSION = YES;
				CLANG_WARN_NON_LITERAL_NULL_CONVERSION = YES;
				CLANG_WARN_OBJC_IMPLICIT_RETAIN_SELF = YES;
				CLANG_WARN_OBJC_LITERAL_CONVERSION = YES;
				CLANG_WARN_OBJC_ROOT_CLASS = YES_ERROR;
				CLANG_WARN_QUOTED_INCLUDE_IN_FRAMEWORK_HEADER = YES;
				CLANG_WARN_RANGE_LOOP_ANALYSIS = YES;
				CLANG_WARN_STRICT_PROTOTYPES = YES;
				CLANG_WARN_SUSPICIOUS_MOVE = YES;
				CLANG_WARN_UNGUARDED_AVAILABILITY = YES_AGGRESSIVE;
				CLANG_WARN_UNREACHABLE_CODE = YES;
				CLANG_WARN__DUPLICATE_METHOD_MATCH = YES;
				COPY_PHASE_STRIP = NO;
				DEBUG_INFORMATION_FORMAT = "dwarf-with-dsym";
				ENABLE_NS_ASSERTIONS = NO;
				ENABLE_STRICT_OBJC_MSGSEND = YES;
				ENABLE_USER_SCRIPT_SANDBOXING = YES;
				GCC_C_LANGUAGE_STANDARD = gnu17;
				GCC_NO_COMMON_BLOCKS = YES;
				GCC_WARN_64_TO_32_BIT_CONVERSION = YES;
				GCC_WARN_ABOUT_RETURN_TYPE = YES_ERROR;
				GCC_WARN_UNDECLARED_SELECTOR = YES;
				GCC_WARN_UNINITIALIZED_AUTOS = YES_AGGRESSIVE;
				GCC_WARN_UNUSED_FUNCTION = YES;
				GCC_WARN_UNUSED_VARIABLE = YES;
				IPHONEOS_DEPLOYMENT_TARGET = 17.0;
				LOCALIZATION_PREFERS_STRING_CATALOGS = YES;
				MTL_ENABLE_DEBUG_INFO = NO;
				MTL_FAST_MATH = YES;
				SDKROOT = iphoneos;
				SWIFT_COMPILATION_MODE = wholemodule;
				VALIDATE_PRODUCT = YES;
			};
			name = Release;
		};
		FA90AEF22CFB0C4C0018B32D /* Debug */ = {
			isa = XCBuildConfiguration;
			buildSettings = {
				ASSETCATALOG_COMPILER_APPICON_NAME = AppIcon;
				ASSETCATALOG_COMPILER_GLOBAL_ACCENT_COLOR_NAME = AccentColor;
				CODE_SIGN_STYLE = Automatic;
				CURRENT_PROJECT_VERSION = 1;
				DEVELOPMENT_ASSET_PATHS = "\"SpbAIHelper/Preview Content\"";
				DEVELOPMENT_TEAM = 3XU5RDW35H;
				ENABLE_PREVIEWS = YES;
				GENERATE_INFOPLIST_FILE = YES;
				INFOPLIST_KEY_UIApplicationSceneManifest_Generation = YES;
				INFOPLIST_KEY_UIApplicationSupportsIndirectInputEvents = YES;
				INFOPLIST_KEY_UILaunchScreen_Generation = YES;
				INFOPLIST_KEY_UISupportedInterfaceOrientations_iPad = "UIInterfaceOrientationPortrait UIInterfaceOrientationPortraitUpsideDown UIInterfaceOrientationLandscapeLeft UIInterfaceOrientationLandscapeRight";
				INFOPLIST_KEY_UISupportedInterfaceOrientations_iPhone = "UIInterfaceOrientationPortrait UIInterfaceOrientationLandscapeLeft UIInterfaceOrientationLandscapeRight";
				LD_RUNPATH_SEARCH_PATHS = (
					"$(inherited)",
					"@executable_path/Frameworks",
				);
				MARKETING_VERSION = 1.0;
				PRODUCT_BUNDLE_IDENTIFIER = me.larkes.larkes.SpbAIHelper;
				PRODUCT_NAME = "$(TARGET_NAME)";
				SWIFT_EMIT_LOC_STRINGS = YES;
				SWIFT_VERSION = 5.0;
				TARGETED_DEVICE_FAMILY = "1,2";
			};
			name = Debug;
		};
		FA90AEF32CFB0C4C0018B32D /* Release */ = {
			isa = XCBuildConfiguration;
			buildSettings = {
				ASSETCATALOG_COMPILER_APPICON_NAME = AppIcon;
				ASSETCATALOG_COMPILER_GLOBAL_ACCENT_COLOR_NAME = AccentColor;
				CODE_SIGN_STYLE = Automatic;
				CURRENT_PROJECT_VERSION = 1;
				DEVELOPMENT_ASSET_PATHS = "\"SpbAIHelper/Preview Content\"";
				DEVELOPMENT_TEAM = 3XU5RDW35H;
				ENABLE_PREVIEWS = YES;
				GENERATE_INFOPLIST_FILE = YES;
				INFOPLIST_KEY_UIApplicationSceneManifest_Generation = YES;
				INFOPLIST_KEY_UIApplicationSupportsIndirectInputEvents = YES;
				INFOPLIST_KEY_UILaunchScreen_Generation = YES;
				INFOPLIST_KEY_UISupportedInterfaceOrientations_iPad = "UIInterfaceOrientationPortrait UIInterfaceOrientationPortraitUpsideDown UIInterfaceOrientationLandscapeLeft UIInterfaceOrientationLandscapeRight";
				INFOPLIST_KEY_UISupportedInterfaceOrientations_iPhone = "UIInterfaceOrientationPortrait UIInterfaceOrientationLandscapeLeft UIInterfaceOrientationLandscapeRight";
				LD_RUNPATH_SEARCH_PATHS = (
					"$(inherited)",
					"@executable_path/Frameworks",
				);
				MARKETING_VERSION = 1.0;
				PRODUCT_BUNDLE_IDENTIFIER = me.larkes.larkes.SpbAIHelper;
				PRODUCT_NAME = "$(TARGET_NAME)";
				SWIFT_EMIT_LOC_STRINGS = YES;
				SWIFT_VERSION = 5.0;
				TARGETED_DEVICE_FAMILY = "1,2";
			};
			name = Release;
		};
/* End XCBuildConfiguration section */

/* Begin XCConfigurationList section */
		FA90AEDE2CFB0C4A0018B32D /* Build configuration list for PBXProject "SpbAIHelper" */ = {
			isa = XCConfigurationList;
			buildConfigurations = (
				FA90AEEF2CFB0C4C0018B32D /* Debug */,
				FA90AEF02CFB0C4C0018B32D /* Release */,
			);
			defaultConfigurationIsVisible = 0;
			defaultConfigurationName = Release;
		};
		FA90AEF12CFB0C4C0018B32D /* Build configuration list for PBXNativeTarget "SpbAIHelper" */ = {
			isa = XCConfigurationList;
			buildConfigurations = (
				FA90AEF22CFB0C4C0018B32D /* Debug */,
				FA90AEF32CFB0C4C0018B32D /* Release */,
			);
			defaultConfigurationIsVisible = 0;
			defaultConfigurationName = Release;
		};
/* End XCConfigurationList section */
	};
	rootObject = FA90AEDB2CFB0C4A0018B32D /* Project object */;
}
